
Microsoft Visual Studio Solution File, Format Version 12.00
# Visual Studio Version 16
VisualStudioVersion = 16.0.30028.174
MinimumVisualStudioVersion = 10.0.40219.1
Project("{FAE04EC0-301F-11D3-BF4B-00C04F79EFBC}") = "GorselProgramlamaOdev", "GorselProgramlamaOdev\GorselProgramlamaOdev.csproj", "{DC69F95E-55E4-424D-8403-246095563654}"
EndProject
Global
	GlobalSection(SolutionConfigurationPlatforms) = preSolution
		Debug|Any CPU = Debug|Any CPU
		Release|Any CPU = Release|Any CPU
	EndGlobalSection
	GlobalSection(ProjectConfigurationPlatforms) = postSolution
		{DC69F95E-55E4-424D-8403-246095563654}.Debug|Any CPU.ActiveCfg = Debug|Any CPU
		{DC69F95E-55E4-424D-8403-246095563654}.Debug|Any CPU.Build.0 = Debug|Any CPU
		{DC69F95E-55E4-424D-8403-246095563654}.Release|Any CPU.ActiveCfg = Release|Any CPU
		{DC69F95E-55E4-424D-8403-246095563654}.Release|Any CPU.Build.0 = Release|Any CPU
	EndGlobalSection
	GlobalSection(SolutionProperties) = preSolution
		HideSolutionNode = FALSE
	EndGlobalSection
	GlobalSection(ExtensibilityGlobals) = postSolution
		SolutionGuid = {564306E3-1353-463D-8BDD-04561F8B26DB}
	EndGlobalSection
EndGlobal
